
Microsoft Visual Studio Solution File, Format Version 12.00
Project("{FAE04EC0-301F-11D3-BF4B-00C04F79EFBC}") = "Test", "Test\Test.csproj", "{3F8C0730-AB31-452A-9C30-A3FAFA0017FE}"
EndProject
Project("{FAE04EC0-301F-11D3-BF4B-00C04F79EFBC}") = "CSGraphQL", "CSGraphQL\CSGraphQL.csproj", "{AC276E33-8F20-4067-9FDD-2B34C5356ACF}"
EndProject
Global
	GlobalSection(SolutionConfigurationPlatforms) = preSolution
		Debug|Any CPU = Debug|Any CPU
		Release|Any CPU = Release|Any CPU
	EndGlobalSection
	GlobalSection(ProjectConfigurationPlatforms) = postSolution
		{3F8C0730-AB31-452A-9C30-A3FAFA0017FE}.Debug|Any CPU.ActiveCfg = Debug|Any CPU
		{3F8C0730-AB31-452A-9C30-A3FAFA0017FE}.Debug|Any CPU.Build.0 = Debug|Any CPU
		{3F8C0730-AB31-452A-9C30-A3FAFA0017FE}.Release|Any CPU.ActiveCfg = Release|Any CPU
		{3F8C0730-AB31-452A-9C30-A3FAFA0017FE}.Release|Any CPU.Build.0 = Release|Any CPU
		{AC276E33-8F20-4067-9FDD-2B34C5356ACF}.Debug|Any CPU.ActiveCfg = Debug|Any CPU
		{AC276E33-8F20-4067-9FDD-2B34C5356ACF}.Debug|Any CPU.Build.0 = Debug|Any CPU
		{AC276E33-8F20-4067-9FDD-2B34C5356ACF}.Release|Any CPU.ActiveCfg = Release|Any CPU
		{AC276E33-8F20-4067-9FDD-2B34C5356ACF}.Release|Any CPU.Build.0 = Release|Any CPU
	EndGlobalSection
EndGlobal
